
Microsoft Visual Studio Solution File, Format Version 12.00
# Visual Studio Version 17
VisualStudioVersion = 17.4.33110.190
MinimumVisualStudioVersion = 10.0.40219.1
Project("{FAE04EC0-301F-11D3-BF4B-00C04F79EFBC}") = "W1102PreMenu", "W1102PreMenu\W1102PreMenu.csproj", "{AEBAAE9C-9FD9-4773-B99A-1CA123ABB272}"
EndProject
Global
	GlobalSection(SolutionConfigurationPlatforms) = preSolution
		Debug|Any CPU = Debug|Any CPU
		Release|Any CPU = Release|Any CPU
	EndGlobalSection
	GlobalSection(ProjectConfigurationPlatforms) = postSolution
		{AEBAAE9C-9FD9-4773-B99A-1CA123ABB272}.Debug|Any CPU.ActiveCfg = Debug|Any CPU
		{AEBAAE9C-9FD9-4773-B99A-1CA123ABB272}.Debug|Any CPU.Build.0 = Debug|Any CPU
		{AEBAAE9C-9FD9-4773-B99A-1CA123ABB272}.Release|Any CPU.ActiveCfg = Release|Any CPU
		{AEBAAE9C-9FD9-4773-B99A-1CA123ABB272}.Release|Any CPU.Build.0 = Release|Any CPU
	EndGlobalSection
	GlobalSection(SolutionProperties) = preSolution
		HideSolutionNode = FALSE
	EndGlobalSection
	GlobalSection(ExtensibilityGlobals) = postSolution
		SolutionGuid = {C57BBEC6-ECDD-4397-B869-8910AF88294F}
	EndGlobalSection
EndGlobal
